
Microsoft Visual Studio Solution File, Format Version 12.00
# Visual Studio Version 17
VisualStudioVersion = 17.4.33205.214
MinimumVisualStudioVersion = 10.0.40219.1
Project("{FAE04EC0-301F-11D3-BF4B-00C04F79EFBC}") = "student.Ebaniy", "student.Ebaniy\student.Ebaniy.csproj", "{8D0E98F4-7C8C-436C-83D1-9CFAEC32EA7F}"
EndProject
Global
	GlobalSection(SolutionConfigurationPlatforms) = preSolution
		Debug|Any CPU = Debug|Any CPU
		Release|Any CPU = Release|Any CPU
	EndGlobalSection
	GlobalSection(ProjectConfigurationPlatforms) = postSolution
		{8D0E98F4-7C8C-436C-83D1-9CFAEC32EA7F}.Debug|Any CPU.ActiveCfg = Debug|Any CPU
		{8D0E98F4-7C8C-436C-83D1-9CFAEC32EA7F}.Debug|Any CPU.Build.0 = Debug|Any CPU
		{8D0E98F4-7C8C-436C-83D1-9CFAEC32EA7F}.Release|Any CPU.ActiveCfg = Release|Any CPU
		{8D0E98F4-7C8C-436C-83D1-9CFAEC32EA7F}.Release|Any CPU.Build.0 = Release|Any CPU
	EndGlobalSection
	GlobalSection(SolutionProperties) = preSolution
		HideSolutionNode = FALSE
	EndGlobalSection
	GlobalSection(ExtensibilityGlobals) = postSolution
		SolutionGuid = {C2CF4254-F531-4F0D-B61F-AAA91B7C6547}
	EndGlobalSection
EndGlobal
